
Microsoft Visual Studio Solution File, Format Version 12.00
# Visual Studio 15
VisualStudioVersion = 15.0.27703.2042
MinimumVisualStudioVersion = 10.0.40219.1
Project("{888888A0-9F3D-457C-B088-3A5042F75D52}") = "PanoContextTensorflow", "PanoContextTensorflow\PanoContextTensorflow.pyproj", "{C9D54FD2-913D-4E6A-A36C-C59297E696E3}"
EndProject
Global
	GlobalSection(SolutionConfigurationPlatforms) = preSolution
		Debug|Any CPU = Debug|Any CPU
		Release|Any CPU = Release|Any CPU
	EndGlobalSection
	GlobalSection(ProjectConfigurationPlatforms) = postSolution
		{C9D54FD2-913D-4E6A-A36C-C59297E696E3}.Debug|Any CPU.ActiveCfg = Debug|Any CPU
		{C9D54FD2-913D-4E6A-A36C-C59297E696E3}.Release|Any CPU.ActiveCfg = Release|Any CPU
	EndGlobalSection
	GlobalSection(SolutionProperties) = preSolution
		HideSolutionNode = FALSE
	EndGlobalSection
	GlobalSection(ExtensibilityGlobals) = postSolution
		SolutionGuid = {063A9B13-C04E-4D18-8EF4-ABDF7AF719D8}
	EndGlobalSection
EndGlobal
